
Microsoft Visual Studio Solution File, Format Version 12.00
# Visual Studio Version 16
VisualStudioVersion = 16.0.32126.315
MinimumVisualStudioVersion = 10.0.40219.1
Project("{FAE04EC0-301F-11D3-BF4B-00C04F79EFBC}") = "TISklep", "TISklep\TISklep.csproj", "{4D2FB5CD-C8ED-4DA3-B4C9-920EC82AF2F6}"
EndProject
Global
	GlobalSection(SolutionConfigurationPlatforms) = preSolution
		Debug|Any CPU = Debug|Any CPU
		Release|Any CPU = Release|Any CPU
	EndGlobalSection
	GlobalSection(ProjectConfigurationPlatforms) = postSolution
		{4D2FB5CD-C8ED-4DA3-B4C9-920EC82AF2F6}.Debug|Any CPU.ActiveCfg = Debug|Any CPU
		{4D2FB5CD-C8ED-4DA3-B4C9-920EC82AF2F6}.Debug|Any CPU.Build.0 = Debug|Any CPU
		{4D2FB5CD-C8ED-4DA3-B4C9-920EC82AF2F6}.Release|Any CPU.ActiveCfg = Release|Any CPU
		{4D2FB5CD-C8ED-4DA3-B4C9-920EC82AF2F6}.Release|Any CPU.Build.0 = Release|Any CPU
	EndGlobalSection
	GlobalSection(SolutionProperties) = preSolution
		HideSolutionNode = FALSE
	EndGlobalSection
	GlobalSection(ExtensibilityGlobals) = postSolution
		SolutionGuid = {BF1E751C-CBE0-499D-A207-35D5BAD29ACE}
	EndGlobalSection
EndGlobal
